
Microsoft Visual Studio Solution File, Format Version 12.00
# Visual Studio 15
VisualStudioVersion = 15.0.28307.329
MinimumVisualStudioVersion = 10.0.40219.1
Project("{FAE04EC0-301F-11D3-BF4B-00C04F79EFBC}") = "XFFontAwesome.Android", "XFFontAwesome\XFFontAwesome.Android\XFFontAwesome.Android.csproj", "{0D98DC27-14B0-44B0-BB17-8D0A99420128}"
EndProject
Project("{FAE04EC0-301F-11D3-BF4B-00C04F79EFBC}") = "XFFontAwesome.iOS", "XFFontAwesome\XFFontAwesome.iOS\XFFontAwesome.iOS.csproj", "{39FB779C-6798-492A-9845-F809D17BD9DF}"
EndProject
Project("{FAE04EC0-301F-11D3-BF4B-00C04F79EFBC}") = "XFFontAwesome.UWP", "XFFontAwesome\XFFontAwesome.UWP\XFFontAwesome.UWP.csproj", "{EFCB6504-8069-491F-BA30-0CA021823BAA}"
EndProject
Project("{FAE04EC0-301F-11D3-BF4B-00C04F79EFBC}") = "XFFontAwesome", "XFFontAwesome\XFFontAwesome\XFFontAwesome.csproj", "{0305A692-7B9F-4FD3-84C8-C9833E08FC98}"
EndProject
Global
	GlobalSection(SolutionConfigurationPlatforms) = preSolution
		Ad-Hoc|Any CPU = Ad-Hoc|Any CPU
		Ad-Hoc|ARM = Ad-Hoc|ARM
		Ad-Hoc|iPhone = Ad-Hoc|iPhone
		Ad-Hoc|iPhoneSimulator = Ad-Hoc|iPhoneSimulator
		Ad-Hoc|x64 = Ad-Hoc|x64
		Ad-Hoc|x86 = Ad-Hoc|x86
		AppStore|Any CPU = AppStore|Any CPU
		AppStore|ARM = AppStore|ARM
		AppStore|iPhone = AppStore|iPhone
		AppStore|iPhoneSimulator = AppStore|iPhoneSimulator
		AppStore|x64 = AppStore|x64
		AppStore|x86 = AppStore|x86
		Debug|Any CPU = Debug|Any CPU
		Debug|ARM = Debug|ARM
		Debug|iPhone = Debug|iPhone
		Debug|iPhoneSimulator = Debug|iPhoneSimulator
		Debug|x64 = Debug|x64
		Debug|x86 = Debug|x86
		Release|Any CPU = Release|Any CPU
		Release|ARM = Release|ARM
		Release|iPhone = Release|iPhone
		Release|iPhoneSimulator = Release|iPhoneSimulator
		Release|x64 = Release|x64
		Release|x86 = Release|x86
	EndGlobalSection
	GlobalSection(ProjectConfigurationPlatforms) = postSolution
		{0D98DC27-14B0-44B0-BB17-8D0A99420128}.Ad-Hoc|Any CPU.ActiveCfg = Release|Any CPU
		{0D98DC27-14B0-44B0-BB17-8D0A99420128}.Ad-Hoc|Any CPU.Build.0 = Release|Any CPU
		{0D98DC27-14B0-44B0-BB17-8D0A99420128}.Ad-Hoc|Any CPU.Deploy.0 = Release|Any CPU
		{0D98DC27-14B0-44B0-BB17-8D0A99420128}.Ad-Hoc|ARM.ActiveCfg = Release|Any CPU
		{0D98DC27-14B0-44B0-BB17-8D0A99420128}.Ad-Hoc|ARM.Build.0 = Release|Any CPU
		{0D98DC27-14B0-44B0-BB17-8D0A99420128}.Ad-Hoc|ARM.Deploy.0 = Release|Any CPU
		{0D98DC27-14B0-44B0-BB17-8D0A99420128}.Ad-Hoc|iPhone.ActiveCfg = Release|Any CPU
		{0D98DC27-14B0-44B0-BB17-8D0A99420128}.Ad-Hoc|iPhone.Build.0 = Release|Any CPU
		{0D98DC27-14B0-44B0-BB17-8D0A99420128}.Ad-Hoc|iPhone.Deploy.0 = Release|Any CPU
		{0D98DC27-14B0-44B0-BB17-8D0A99420128}.Ad-Hoc|iPhoneSimulator.ActiveCfg = Release|Any CPU
		{0D98DC27-14B0-44B0-BB17-8D0A99420128}.Ad-Hoc|iPhoneSimulator.Build.0 = Release|Any CPU
		{0D98DC27-14B0-44B0-BB17-8D0A99420128}.Ad-Hoc|iPhoneSimulator.Deploy.0 = Release|Any CPU
		{0D98DC27-14B0-44B0-BB17-8D0A99420128}.Ad-Hoc|x64.ActiveCfg = Release|Any CPU
		{0D98DC27-14B0-44B0-BB17-8D0A99420128}.Ad-Hoc|x64.Build.0 = Release|Any CPU
		{0D98DC27-14B0-44B0-BB17-8D0A99420128}.Ad-Hoc|x64.Deploy.0 = Release|Any CPU
		{0D98DC27-14B0-44B0-BB17-8D0A99420128}.Ad-Hoc|x86.ActiveCfg = Release|Any CPU
		{0D98DC27-14B0-44B0-BB17-8D0A99420128}.Ad-Hoc|x86.Build.0 = Release|Any CPU
		{0D98DC27-14B0-44B0-BB17-8D0A99420128}.Ad-Hoc|x86.Deploy.0 = Release|Any CPU
		{0D98DC27-14B0-44B0-BB17-8D0A99420128}.AppStore|Any CPU.ActiveCfg = Release|Any CPU
		{0D98DC27-14B0-44B0-BB17-8D0A99420128}.AppStore|Any CPU.Build.0 = Release|Any CPU
		{0D98DC27-14B0-44B0-BB17-8D0A99420128}.AppStore|Any CPU.Deploy.0 = Release|Any CPU
		{0D98DC27-14B0-44B0-BB17-8D0A99420128}.AppStore|ARM.ActiveCfg = Release|Any CPU
		{0D98DC27-14B0-44B0-BB17-8D0A99420128}.AppStore|ARM.Build.0 = Release|Any CPU
		{0D98DC27-14B0-44B0-BB17-8D0A99420128}.AppStore|ARM.Deploy.0 = Release|Any CPU
		{0D98DC27-14B0-44B0-BB17-8D0A99420128}.AppStore|iPhone.ActiveCfg = Release|Any CPU
		{0D98DC27-14B0-44B0-BB17-8D0A99420128}.AppStore|iPhone.Build.0 = Release|Any CPU
		{0D98DC27-14B0-44B0-BB17-8D0A99420128}.AppStore|iPhone.Deploy.0 = Release|Any CPU
		{0D98DC27-14B0-44B0-BB17-8D0A99420128}.AppStore|iPhoneSimulator.ActiveCfg = Release|Any CPU
		{0D98DC27-14B0-44B0-BB17-8D0A99420128}.AppStore|iPhoneSimulator.Build.0 = Release|Any CPU
		{0D98DC27-14B0-44B0-BB17-8D0A99420128}.AppStore|iPhoneSimulator.Deploy.0 = Release|Any CPU
		{0D98DC27-14B0-44B0-BB17-8D0A99420128}.AppStore|x64.ActiveCfg = Release|Any CPU
		{0D98DC27-14B0-44B0-BB17-8D0A99420128}.AppStore|x64.Build.0 = Release|Any CPU
		{0D98DC27-14B0-44B0-BB17-8D0A99420128}.AppStore|x64.Deploy.0 = Release|Any CPU
		{0D98DC27-14B0-44B0-BB17-8D0A99420128}.AppStore|x86.ActiveCfg = Release|Any CPU
		{0D98DC27-14B0-44B0-BB17-8D0A99420128}.AppStore|x86.Build.0 = Release|Any CPU
		{0D98DC27-14B0-44B0-BB17-8D0A99420128}.AppStore|x86.Deploy.0 = Release|Any CPU
		{0D98DC27-14B0-44B0-BB17-8D0A99420128}.Debug|Any CPU.ActiveCfg = Debug|Any CPU
		{0D98DC27-14B0-44B0-BB17-8D0A99420128}.Debug|Any CPU.Build.0 = Debug|Any CPU
		{0D98DC27-14B0-44B0-BB17-8D0A99420128}.Debug|Any CPU.Deploy.0 = Debug|Any CPU
		{0D98DC27-14B0-44B0-BB17-8D0A99420128}.Debug|ARM.ActiveCfg = Debug|Any CPU
		{0D98DC27-14B0-44B0-BB17-8D0A99420128}.Debug|ARM.Build.0 = Debug|Any CPU
		{0D98DC27-14B0-44B0-BB17-8D0A99420128}.Debug|ARM.Deploy.0 = Debug|Any CPU
		{0D98DC27-14B0-44B0-BB17-8D0A99420128}.Debug|iPhone.ActiveCfg = Debug|Any CPU
		{0D98DC27-14B0-44B0-BB17-8D0A99420128}.Debug|iPhone.Build.0 = Debug|Any CPU
		{0D98DC27-14B0-44B0-BB17-8D0A99420128}.Debug|iPhone.Deploy.0 = Debug|Any CPU
		{0D98DC27-14B0-44B0-BB17-8D0A99420128}.Debug|iPhoneSimulator.ActiveCfg = Debug|Any CPU
		{0D98DC27-14B0-44B0-BB17-8D0A99420128}.Debug|iPhoneSimulator.Build.0 = Debug|Any CPU
		{0D98DC27-14B0-44B0-BB17-8D0A99420128}.Debug|iPhoneSimulator.Deploy.0 = Debug|Any CPU
		{0D98DC27-14B0-44B0-BB17-8D0A99420128}.Debug|x64.ActiveCfg = Debug|Any CPU
		{0D98DC27-14B0-44B0-BB17-8D0A99420128}.Debug|x64.Build.0 = Debug|Any CPU
		{0D98DC27-14B0-44B0-BB17-8D0A99420128}.Debug|x64.Deploy.0 = Debug|Any CPU
		{0D98DC27-14B0-44B0-BB17-8D0A99420128}.Debug|x86.ActiveCfg = Debug|Any CPU
		{0D98DC27-14B0-44B0-BB17-8D0A99420128}.Debug|x86.Build.0 = Debug|Any CPU
		{0D98DC27-14B0-44B0-BB17-8D0A99420128}.Debug|x86.Deploy.0 = Debug|Any CPU
		{0D98DC27-14B0-44B0-BB17-8D0A99420128}.Release|Any CPU.ActiveCfg = Release|Any CPU
		{0D98DC27-14B0-44B0-BB17-8D0A99420128}.Release|Any CPU.Build.0 = Release|Any CPU
		{0D98DC27-14B0-44B0-BB17-8D0A99420128}.Release|Any CPU.Deploy.0 = Release|Any CPU
		{0D98DC27-14B0-44B0-BB17-8D0A99420128}.Release|ARM.ActiveCfg = Release|Any CPU
		{0D98DC27-14B0-44B0-BB17-8D0A99420128}.Release|ARM.Build.0 = Release|Any CPU
		{0D98DC27-14B0-44B0-BB17-8D0A99420128}.Release|ARM.Deploy.0 = Release|Any CPU
		{0D98DC27-14B0-44B0-BB17-8D0A99420128}.Release|iPhone.ActiveCfg = Release|Any CPU
		{0D98DC27-14B0-44B0-BB17-8D0A99420128}.Release|iPhone.Build.0 = Release|Any CPU
		{0D98DC27-14B0-44B0-BB17-8D0A99420128}.Release|iPhone.Deploy.0 = Release|Any CPU
		{0D98DC27-14B0-44B0-BB17-8D0A99420128}.Release|iPhoneSimulator.ActiveCfg = Release|Any CPU
		{0D98DC27-14B0-44B0-BB17-8D0A99420128}.Release|iPhoneSimulator.Build.0 = Release|Any CPU
		{0D98DC27-14B0-44B0-BB17-8D0A99420128}.Release|iPhoneSimulator.Deploy.0 = Release|Any CPU
		{0D98DC27-14B0-44B0-BB17-8D0A99420128}.Release|x64.ActiveCfg = Release|Any CPU
		{0D98DC27-14B0-44B0-BB17-8D0A99420128}.Release|x64.Build.0 = Release|Any CPU
		{0D98DC27-14B0-44B0-BB17-8D0A99420128}.Release|x64.Deploy.0 = Release|Any CPU
		{0D98DC27-14B0-44B0-BB17-8D0A99420128}.Release|x86.ActiveCfg = Release|Any CPU
		{0D98DC27-14B0-44B0-BB17-8D0A99420128}.Release|x86.Build.0 = Release|Any CPU
		{0D98DC27-14B0-44B0-BB17-8D0A99420128}.Release|x86.Deploy.0 = Release|Any CPU
		{39FB779C-6798-492A-9845-F809D17BD9DF}.Ad-Hoc|Any CPU.ActiveCfg = Ad-Hoc|iPhone
		{39FB779C-6798-492A-9845-F809D17BD9DF}.Ad-Hoc|Any CPU.Build.0 = Ad-Hoc|iPhone
		{39FB779C-6798-492A-9845-F809D17BD9DF}.Ad-Hoc|Any CPU.Deploy.0 = Ad-Hoc|iPhone
		{39FB779C-6798-492A-9845-F809D17BD9DF}.Ad-Hoc|ARM.ActiveCfg = Ad-Hoc|iPhone
		{39FB779C-6798-492A-9845-F809D17BD9DF}.Ad-Hoc|ARM.Build.0 = Ad-Hoc|iPhone
		{39FB779C-6798-492A-9845-F809D17BD9DF}.Ad-Hoc|ARM.Deploy.0 = Ad-Hoc|iPhone
		{39FB779C-6798-492A-9845-F809D17BD9DF}.Ad-Hoc|iPhone.ActiveCfg = Ad-Hoc|iPhone
		{39FB779C-6798-492A-9845-F809D17BD9DF}.Ad-Hoc|iPhone.Build.0 = Ad-Hoc|iPhone
		{39FB779C-6798-492A-9845-F809D17BD9DF}.Ad-Hoc|iPhone.Deploy.0 = Ad-Hoc|iPhone
		{39FB779C-6798-492A-9845-F809D17BD9DF}.Ad-Hoc|iPhoneSimulator.ActiveCfg = Ad-Hoc|iPhoneSimulator
		{39FB779C-6798-492A-9845-F809D17BD9DF}.Ad-Hoc|iPhoneSimulator.Build.0 = Ad-Hoc|iPhoneSimulator
		{39FB779C-6798-492A-9845-F809D17BD9DF}.Ad-Hoc|iPhoneSimulator.Deploy.0 = Ad-Hoc|iPhoneSimulator
		{39FB779C-6798-492A-9845-F809D17BD9DF}.Ad-Hoc|x64.ActiveCfg = Ad-Hoc|iPhone
		{39FB779C-6798-492A-9845-F809D17BD9DF}.Ad-Hoc|x64.Build.0 = Ad-Hoc|iPhone
		{39FB779C-6798-492A-9845-F809D17BD9DF}.Ad-Hoc|x64.Deploy.0 = Ad-Hoc|iPhone
		{39FB779C-6798-492A-9845-F809D17BD9DF}.Ad-Hoc|x86.ActiveCfg = Ad-Hoc|iPhone
		{39FB779C-6798-492A-9845-F809D17BD9DF}.Ad-Hoc|x86.Build.0 = Ad-Hoc|iPhone
		{39FB779C-6798-492A-9845-F809D17BD9DF}.Ad-Hoc|x86.Deploy.0 = Ad-Hoc|iPhone
		{39FB779C-6798-492A-9845-F809D17BD9DF}.AppStore|Any CPU.ActiveCfg = AppStore|iPhone
		{39FB779C-6798-492A-9845-F809D17BD9DF}.AppStore|Any CPU.Build.0 = AppStore|iPhone
		{39FB779C-6798-492A-9845-F809D17BD9DF}.AppStore|Any CPU.Deploy.0 = AppStore|iPhone
		{39FB779C-6798-492A-9845-F809D17BD9DF}.AppStore|ARM.ActiveCfg = AppStore|iPhone
		{39FB779C-6798-492A-9845-F809D17BD9DF}.AppStore|ARM.Build.0 = AppStore|iPhone
		{39FB779C-6798-492A-9845-F809D17BD9DF}.AppStore|ARM.Deploy.0 = AppStore|iPhone
		{39FB779C-6798-492A-9845-F809D17BD9DF}.AppStore|iPhone.ActiveCfg = AppStore|iPhone
		{39FB779C-6798-492A-9845-F809D17BD9DF}.AppStore|iPhone.Build.0 = AppStore|iPhone
		{39FB779C-6798-492A-9845-F809D17BD9DF}.AppStore|iPhone.Deploy.0 = AppStore|iPhone
		{39FB779C-6798-492A-9845-F809D17BD9DF}.AppStore|iPhoneSimulator.ActiveCfg = AppStore|iPhoneSimulator
		{39FB779C-6798-492A-9845-F809D17BD9DF}.AppStore|iPhoneSimulator.Build.0 = AppStore|iPhoneSimulator
		{39FB779C-6798-492A-9845-F809D17BD9DF}.AppStore|iPhoneSimulator.Deploy.0 = AppStore|iPhoneSimulator
		{39FB779C-6798-492A-9845-F809D17BD9DF}.AppStore|x64.ActiveCfg = AppStore|iPhone
		{39FB779C-6798-492A-9845-F809D17BD9DF}.AppStore|x64.Build.0 = AppStore|iPhone
		{39FB779C-6798-492A-9845-F809D17BD9DF}.AppStore|x64.Deploy.0 = AppStore|iPhone
		{39FB779C-6798-492A-9845-F809D17BD9DF}.AppStore|x86.ActiveCfg = AppStore|iPhone
		{39FB779C-6798-492A-9845-F809D17BD9DF}.AppStore|x86.Build.0 = AppStore|iPhone
		{39FB779C-6798-492A-9845-F809D17BD9DF}.AppStore|x86.Deploy.0 = AppStore|iPhone
		{39FB779C-6798-492A-9845-F809D17BD9DF}.Debug|Any CPU.ActiveCfg = Debug|iPhoneSimulator
		{39FB779C-6798-492A-9845-F809D17BD9DF}.Debug|Any CPU.Build.0 = Debug|iPhoneSimulator
		{39FB779C-6798-492A-9845-F809D17BD9DF}.Debug|Any CPU.Deploy.0 = Debug|iPhoneSimulator
		{39FB779C-6798-492A-9845-F809D17BD9DF}.Debug|ARM.ActiveCfg = Debug|iPhone
		{39FB779C-6798-492A-9845-F809D17BD9DF}.Debug|ARM.Build.0 = Debug|iPhone
		{39FB779C-6798-492A-9845-F809D17BD9DF}.Debug|ARM.Deploy.0 = Debug|iPhone
		{39FB779C-6798-492A-9845-F809D17BD9DF}.Debug|iPhone.ActiveCfg = Debug|iPhone
		{39FB779C-6798-492A-9845-F809D17BD9DF}.Debug|iPhone.Build.0 = Debug|iPhone
		{39FB779C-6798-492A-9845-F809D17BD9DF}.Debug|iPhone.Deploy.0 = Debug|iPhone
		{39FB779C-6798-492A-9845-F809D17BD9DF}.Debug|iPhoneSimulator.ActiveCfg = Debug|iPhoneSimulator
		{39FB779C-6798-492A-9845-F809D17BD9DF}.Debug|iPhoneSimulator.Build.0 = Debug|iPhoneSimulator
		{39FB779C-6798-492A-9845-F809D17BD9DF}.Debug|iPhoneSimulator.Deploy.0 = Debug|iPhoneSimulator
		{39FB779C-6798-492A-9845-F809D17BD9DF}.Debug|x64.ActiveCfg = Debug|iPhone
		{39FB779C-6798-492A-9845-F809D17BD9DF}.Debug|x64.Build.0 = Debug|iPhone
		{39FB779C-6798-492A-9845-F809D17BD9DF}.Debug|x64.Deploy.0 = Debug|iPhone
		{39FB779C-6798-492A-9845-F809D17BD9DF}.Debug|x86.ActiveCfg = Debug|iPhone
		{39FB779C-6798-492A-9845-F809D17BD9DF}.Debug|x86.Build.0 = Debug|iPhone
		{39FB779C-6798-492A-9845-F809D17BD9DF}.Debug|x86.Deploy.0 = Debug|iPhone
		{39FB779C-6798-492A-9845-F809D17BD9DF}.Release|Any CPU.ActiveCfg = Release|iPhone
		{39FB779C-6798-492A-9845-F809D17BD9DF}.Release|Any CPU.Build.0 = Release|iPhone
		{39FB779C-6798-492A-9845-F809D17BD9DF}.Release|Any CPU.Deploy.0 = Release|iPhone
		{39FB779C-6798-492A-9845-F809D17BD9DF}.Release|ARM.ActiveCfg = Release|iPhone
		{39FB779C-6798-492A-9845-F809D17BD9DF}.Release|ARM.Build.0 = Release|iPhone
		{39FB779C-6798-492A-9845-F809D17BD9DF}.Release|ARM.Deploy.0 = Release|iPhone
		{39FB779C-6798-492A-9845-F809D17BD9DF}.Release|iPhone.ActiveCfg = Release|iPhone
		{39FB779C-6798-492A-9845-F809D17BD9DF}.Release|iPhone.Build.0 = Release|iPhone
		{39FB779C-6798-492A-9845-F809D17BD9DF}.Release|iPhone.Deploy.0 = Release|iPhone
		{39FB779C-6798-492A-9845-F809D17BD9DF}.Release|iPhoneSimulator.ActiveCfg = Release|iPhoneSimulator
		{39FB779C-6798-492A-9845-F809D17BD9DF}.Release|iPhoneSimulator.Build.0 = Release|iPhoneSimulator
		{39FB779C-6798-492A-9845-F809D17BD9DF}.Release|iPhoneSimulator.Deploy.0 = Release|iPhoneSimulator
		{39FB779C-6798-492A-9845-F809D17BD9DF}.Release|x64.ActiveCfg = Release|iPhone
		{39FB779C-6798-492A-9845-F809D17BD9DF}.Release|x64.Build.0 = Release|iPhone
		{39FB779C-6798-492A-9845-F809D17BD9DF}.Release|x64.Deploy.0 = Release|iPhone
		{39FB779C-6798-492A-9845-F809D17BD9DF}.Release|x86.ActiveCfg = Release|iPhone
		{39FB779C-6798-492A-9845-F809D17BD9DF}.Release|x86.Build.0 = Release|iPhone
		{39FB779C-6798-492A-9845-F809D17BD9DF}.Release|x86.Deploy.0 = Release|iPhone
		{EFCB6504-8069-491F-BA30-0CA021823BAA}.Ad-Hoc|Any CPU.ActiveCfg = Release|x86
		{EFCB6504-8069-491F-BA30-0CA021823BAA}.Ad-Hoc|Any CPU.Build.0 = Release|x86
		{EFCB6504-8069-491F-BA30-0CA021823BAA}.Ad-Hoc|Any CPU.Deploy.0 = Release|x86
		{EFCB6504-8069-491F-BA30-0CA021823BAA}.Ad-Hoc|ARM.ActiveCfg = Release|ARM
		{EFCB6504-8069-491F-BA30-0CA021823BAA}.Ad-Hoc|ARM.Build.0 = Release|ARM
		{EFCB6504-8069-491F-BA30-0CA021823BAA}.Ad-Hoc|ARM.Deploy.0 = Release|ARM
		{EFCB6504-8069-491F-BA30-0CA021823BAA}.Ad-Hoc|iPhone.ActiveCfg = Release|x86
		{EFCB6504-8069-491F-BA30-0CA021823BAA}.Ad-Hoc|iPhone.Build.0 = Release|x86
		{EFCB6504-8069-491F-BA30-0CA021823BAA}.Ad-Hoc|iPhone.Deploy.0 = Release|x86
		{EFCB6504-8069-491F-BA30-0CA021823BAA}.Ad-Hoc|iPhoneSimulator.ActiveCfg = Release|x86
		{EFCB6504-8069-491F-BA30-0CA021823BAA}.Ad-Hoc|iPhoneSimulator.Build.0 = Release|x86
		{EFCB6504-8069-491F-BA30-0CA021823BAA}.Ad-Hoc|iPhoneSimulator.Deploy.0 = Release|x86
		{EFCB6504-8069-491F-BA30-0CA021823BAA}.Ad-Hoc|x64.ActiveCfg = Release|x64
		{EFCB6504-8069-491F-BA30-0CA021823BAA}.Ad-Hoc|x64.Build.0 = Release|x64
		{EFCB6504-8069-491F-BA30-0CA021823BAA}.Ad-Hoc|x64.Deploy.0 = Release|x64
		{EFCB6504-8069-491F-BA30-0CA021823BAA}.Ad-Hoc|x86.ActiveCfg = Release|x86
		{EFCB6504-8069-491F-BA30-0CA021823BAA}.Ad-Hoc|x86.Build.0 = Release|x86
		{EFCB6504-8069-491F-BA30-0CA021823BAA}.Ad-Hoc|x86.Deploy.0 = Release|x86
		{EFCB6504-8069-491F-BA30-0CA021823BAA}.AppStore|Any CPU.ActiveCfg = Release|x86
		{EFCB6504-8069-491F-BA30-0CA021823BAA}.AppStore|Any CPU.Build.0 = Release|x86
		{EFCB6504-8069-491F-BA30-0CA021823BAA}.AppStore|Any CPU.Deploy.0 = Release|x86
		{EFCB6504-8069-491F-BA30-0CA021823BAA}.AppStore|ARM.ActiveCfg = Release|ARM
		{EFCB6504-8069-491F-BA30-0CA021823BAA}.AppStore|ARM.Build.0 = Release|ARM
		{EFCB6504-8069-491F-BA30-0CA021823BAA}.AppStore|ARM.Deploy.0 = Release|ARM
		{EFCB6504-8069-491F-BA30-0CA021823BAA}.AppStore|iPhone.ActiveCfg = Release|x86
		{EFCB6504-8069-491F-BA30-0CA021823BAA}.AppStore|iPhone.Build.0 = Release|x86
		{EFCB6504-8069-491F-BA30-0CA021823BAA}.AppStore|iPhone.Deploy.0 = Release|x86
		{EFCB6504-8069-491F-BA30-0CA021823BAA}.AppStore|iPhoneSimulator.ActiveCfg = Release|x86
		{EFCB6504-8069-491F-BA30-0CA021823BAA}.AppStore|iPhoneSimulator.Build.0 = Release|x86
		{EFCB6504-8069-491F-BA30-0CA021823BAA}.AppStore|iPhoneSimulator.Deploy.0 = Release|x86
		{EFCB6504-8069-491F-BA30-0CA021823BAA}.AppStore|x64.ActiveCfg = Release|x64
		{EFCB6504-8069-491F-BA30-0CA021823BAA}.AppStore|x64.Build.0 = Release|x64
		{EFCB6504-8069-491F-BA30-0CA021823BAA}.AppStore|x64.Deploy.0 = Release|x64
		{EFCB6504-8069-491F-BA30-0CA021823BAA}.AppStore|x86.ActiveCfg = Release|x86
		{EFCB6504-8069-491F-BA30-0CA021823BAA}.AppStore|x86.Build.0 = Release|x86
		{EFCB6504-8069-491F-BA30-0CA021823BAA}.AppStore|x86.Deploy.0 = Release|x86
		{EFCB6504-8069-491F-BA30-0CA021823BAA}.Debug|Any CPU.ActiveCfg = Debug|x86
		{EFCB6504-8069-491F-BA30-0CA021823BAA}.Debug|Any CPU.Build.0 = Debug|x86
		{EFCB6504-8069-491F-BA30-0CA021823BAA}.Debug|Any CPU.Deploy.0 = Debug|x86
		{EFCB6504-8069-491F-BA30-0CA021823BAA}.Debug|ARM.ActiveCfg = Debug|ARM
		{EFCB6504-8069-491F-BA30-0CA021823BAA}.Debug|ARM.Build.0 = Debug|ARM
		{EFCB6504-8069-491F-BA30-0CA021823BAA}.Debug|ARM.Deploy.0 = Debug|ARM
		{EFCB6504-8069-491F-BA30-0CA021823BAA}.Debug|iPhone.ActiveCfg = Debug|x86
		{EFCB6504-8069-491F-BA30-0CA021823BAA}.Debug|iPhone.Build.0 = Debug|x86
		{EFCB6504-8069-491F-BA30-0CA021823BAA}.Debug|iPhone.Deploy.0 = Debug|x86
		{EFCB6504-8069-491F-BA30-0CA021823BAA}.Debug|iPhoneSimulator.ActiveCfg = Debug|x86
		{EFCB6504-8069-491F-BA30-0CA021823BAA}.Debug|iPhoneSimulator.Build.0 = Debug|x86
		{EFCB6504-8069-491F-BA30-0CA021823BAA}.Debug|iPhoneSimulator.Deploy.0 = Debug|x86
		{EFCB6504-8069-491F-BA30-0CA021823BAA}.Debug|x64.ActiveCfg = Debug|x64
		{EFCB6504-8069-491F-BA30-0CA021823BAA}.Debug|x64.Build.0 = Debug|x64
		{EFCB6504-8069-491F-BA30-0CA021823BAA}.Debug|x64.Deploy.0 = Debug|x64
		{EFCB6504-8069-491F-BA30-0CA021823BAA}.Debug|x86.ActiveCfg = Debug|x86
		{EFCB6504-8069-491F-BA30-0CA021823BAA}.Debug|x86.Build.0 = Debug|x86
		{EFCB6504-8069-491F-BA30-0CA021823BAA}.Debug|x86.Deploy.0 = Debug|x86
		{EFCB6504-8069-491F-BA30-0CA021823BAA}.Release|Any CPU.ActiveCfg = Release|x86
		{EFCB6504-8069-491F-BA30-0CA021823BAA}.Release|Any CPU.Build.0 = Release|x86
		{EFCB6504-8069-491F-BA30-0CA021823BAA}.Release|Any CPU.Deploy.0 = Release|x86
		{EFCB6504-8069-491F-BA30-0CA021823BAA}.Release|ARM.ActiveCfg = Release|ARM
		{EFCB6504-8069-491F-BA30-0CA021823BAA}.Release|ARM.Build.0 = Release|ARM
		{EFCB6504-8069-491F-BA30-0CA021823BAA}.Release|ARM.Deploy.0 = Release|ARM
		{EFCB6504-8069-491F-BA30-0CA021823BAA}.Release|iPhone.ActiveCfg = Release|x86
		{EFCB6504-8069-491F-BA30-0CA021823BAA}.Release|iPhone.Build.0 = Release|x86
		{EFCB6504-8069-491F-BA30-0CA021823BAA}.Release|iPhone.Deploy.0 = Release|x86
		{EFCB6504-8069-491F-BA30-0CA021823BAA}.Release|iPhoneSimulator.ActiveCfg = Release|x86
		{EFCB6504-8069-491F-BA30-0CA021823BAA}.Release|iPhoneSimulator.Build.0 = Release|x86
		{EFCB6504-8069-491F-BA30-0CA021823BAA}.Release|iPhoneSimulator.Deploy.0 = Release|x86
		{EFCB6504-8069-491F-BA30-0CA021823BAA}.Release|x64.ActiveCfg = Release|x64
		{EFCB6504-8069-491F-BA30-0CA021823BAA}.Release|x64.Build.0 = Release|x64
		{EFCB6504-8069-491F-BA30-0CA021823BAA}.Release|x64.Deploy.0 = Release|x64
		{EFCB6504-8069-491F-BA30-0CA021823BAA}.Release|x86.ActiveCfg = Release|x86
		{EFCB6504-8069-491F-BA30-0CA021823BAA}.Release|x86.Build.0 = Release|x86
		{EFCB6504-8069-491F-BA30-0CA021823BAA}.Release|x86.Deploy.0 = Release|x86
		{0305A692-7B9F-4FD3-84C8-C9833E08FC98}.Ad-Hoc|Any CPU.ActiveCfg = Debug|Any CPU
		{0305A692-7B9F-4FD3-84C8-C9833E08FC98}.Ad-Hoc|Any CPU.Build.0 = Debug|Any CPU
		{0305A692-7B9F-4FD3-84C8-C9833E08FC98}.Ad-Hoc|Any CPU.Deploy.0 = Debug|Any CPU
		{0305A692-7B9F-4FD3-84C8-C9833E08FC98}.Ad-Hoc|ARM.ActiveCfg = Debug|Any CPU
		{0305A692-7B9F-4FD3-84C8-C9833E08FC98}.Ad-Hoc|ARM.Build.0 = Debug|Any CPU
		{0305A692-7B9F-4FD3-84C8-C9833E08FC98}.Ad-Hoc|ARM.Deploy.0 = Debug|Any CPU
		{0305A692-7B9F-4FD3-84C8-C9833E08FC98}.Ad-Hoc|iPhone.ActiveCfg = Debug|Any CPU
		{0305A692-7B9F-4FD3-84C8-C9833E08FC98}.Ad-Hoc|iPhone.Build.0 = Debug|Any CPU
		{0305A692-7B9F-4FD3-84C8-C9833E08FC98}.Ad-Hoc|iPhone.Deploy.0 = Debug|Any CPU
		{0305A692-7B9F-4FD3-84C8-C9833E08FC98}.Ad-Hoc|iPhoneSimulator.ActiveCfg = Debug|Any CPU
		{0305A692-7B9F-4FD3-84C8-C9833E08FC98}.Ad-Hoc|iPhoneSimulator.Build.0 = Debug|Any CPU
		{0305A692-7B9F-4FD3-84C8-C9833E08FC98}.Ad-Hoc|iPhoneSimulator.Deploy.0 = Debug|Any CPU
		{0305A692-7B9F-4FD3-84C8-C9833E08FC98}.Ad-Hoc|x64.ActiveCfg = Debug|Any CPU
		{0305A692-7B9F-4FD3-84C8-C9833E08FC98}.Ad-Hoc|x64.Build.0 = Debug|Any CPU
		{0305A692-7B9F-4FD3-84C8-C9833E08FC98}.Ad-Hoc|x64.Deploy.0 = Debug|Any CPU
		{0305A692-7B9F-4FD3-84C8-C9833E08FC98}.Ad-Hoc|x86.ActiveCfg = Debug|Any CPU
		{0305A692-7B9F-4FD3-84C8-C9833E08FC98}.Ad-Hoc|x86.Build.0 = Debug|Any CPU
		{0305A692-7B9F-4FD3-84C8-C9833E08FC98}.Ad-Hoc|x86.Deploy.0 = Debug|Any CPU
		{0305A692-7B9F-4FD3-84C8-C9833E08FC98}.AppStore|Any CPU.ActiveCfg = Debug|Any CPU
		{0305A692-7B9F-4FD3-84C8-C9833E08FC98}.AppStore|Any CPU.Build.0 = Debug|Any CPU
		{0305A692-7B9F-4FD3-84C8-C9833E08FC98}.AppStore|Any CPU.Deploy.0 = Debug|Any CPU
		{0305A692-7B9F-4FD3-84C8-C9833E08FC98}.AppStore|ARM.ActiveCfg = Debug|Any CPU
		{0305A692-7B9F-4FD3-84C8-C9833E08FC98}.AppStore|ARM.Build.0 = Debug|Any CPU
		{0305A692-7B9F-4FD3-84C8-C9833E08FC98}.AppStore|ARM.Deploy.0 = Debug|Any CPU
		{0305A692-7B9F-4FD3-84C8-C9833E08FC98}.AppStore|iPhone.ActiveCfg = Debug|Any CPU
		{0305A692-7B9F-4FD3-84C8-C9833E08FC98}.AppStore|iPhone.Build.0 = Debug|Any CPU
		{0305A692-7B9F-4FD3-84C8-C9833E08FC98}.AppStore|iPhone.Deploy.0 = Debug|Any CPU
		{0305A692-7B9F-4FD3-84C8-C9833E08FC98}.AppStore|iPhoneSimulator.ActiveCfg = Debug|Any CPU
		{0305A692-7B9F-4FD3-84C8-C9833E08FC98}.AppStore|iPhoneSimulator.Build.0 = Debug|Any CPU
		{0305A692-7B9F-4FD3-84C8-C9833E08FC98}.AppStore|iPhoneSimulator.Deploy.0 = Debug|Any CPU
		{0305A692-7B9F-4FD3-84C8-C9833E08FC98}.AppStore|x64.ActiveCfg = Debug|Any CPU
		{0305A692-7B9F-4FD3-84C8-C9833E08FC98}.AppStore|x64.Build.0 = Debug|Any CPU
		{0305A692-7B9F-4FD3-84C8-C9833E08FC98}.AppStore|x64.Deploy.0 = Debug|Any CPU
		{0305A692-7B9F-4FD3-84C8-C9833E08FC98}.AppStore|x86.ActiveCfg = Debug|Any CPU
		{0305A692-7B9F-4FD3-84C8-C9833E08FC98}.AppStore|x86.Build.0 = Debug|Any CPU
		{0305A692-7B9F-4FD3-84C8-C9833E08FC98}.AppStore|x86.Deploy.0 = Debug|Any CPU
		{0305A692-7B9F-4FD3-84C8-C9833E08FC98}.Debug|Any CPU.ActiveCfg = Debug|Any CPU
		{0305A692-7B9F-4FD3-84C8-C9833E08FC98}.Debug|Any CPU.Build.0 = Debug|Any CPU
		{0305A692-7B9F-4FD3-84C8-C9833E08FC98}.Debug|Any CPU.Deploy.0 = Debug|Any CPU
		{0305A692-7B9F-4FD3-84C8-C9833E08FC98}.Debug|ARM.ActiveCfg = Debug|Any CPU
		{0305A692-7B9F-4FD3-84C8-C9833E08FC98}.Debug|ARM.Build.0 = Debug|Any CPU
		{0305A692-7B9F-4FD3-84C8-C9833E08FC98}.Debug|ARM.Deploy.0 = Debug|Any CPU
		{0305A692-7B9F-4FD3-84C8-C9833E08FC98}.Debug|iPhone.ActiveCfg = Debug|Any CPU
		{0305A692-7B9F-4FD3-84C8-C9833E08FC98}.Debug|iPhone.Build.0 = Debug|Any CPU
		{0305A692-7B9F-4FD3-84C8-C9833E08FC98}.Debug|iPhone.Deploy.0 = Debug|Any CPU
		{0305A692-7B9F-4FD3-84C8-C9833E08FC98}.Debug|iPhoneSimulator.ActiveCfg = Debug|Any CPU
		{0305A692-7B9F-4FD3-84C8-C9833E08FC98}.Debug|iPhoneSimulator.Build.0 = Debug|Any CPU
		{0305A692-7B9F-4FD3-84C8-C9833E08FC98}.Debug|iPhoneSimulator.Deploy.0 = Debug|Any CPU
		{0305A692-7B9F-4FD3-84C8-C9833E08FC98}.Debug|x64.ActiveCfg = Debug|Any CPU
		{0305A692-7B9F-4FD3-84C8-C9833E08FC98}.Debug|x64.Build.0 = Debug|Any CPU
		{0305A692-7B9F-4FD3-84C8-C9833E08FC98}.Debug|x64.Deploy.0 = Debug|Any CPU
		{0305A692-7B9F-4FD3-84C8-C9833E08FC98}.Debug|x86.ActiveCfg = Debug|Any CPU
		{0305A692-7B9F-4FD3-84C8-C9833E08FC98}.Debug|x86.Build.0 = Debug|Any CPU
		{0305A692-7B9F-4FD3-84C8-C9833E08FC98}.Debug|x86.Deploy.0 = Debug|Any CPU
		{0305A692-7B9F-4FD3-84C8-C9833E08FC98}.Release|Any CPU.ActiveCfg = Release|Any CPU
		{0305A692-7B9F-4FD3-84C8-C9833E08FC98}.Release|Any CPU.Build.0 = Release|Any CPU
		{0305A692-7B9F-4FD3-84C8-C9833E08FC98}.Release|Any CPU.Deploy.0 = Release|Any CPU
		{0305A692-7B9F-4FD3-84C8-C9833E08FC98}.Release|ARM.ActiveCfg = Release|Any CPU
		{0305A692-7B9F-4FD3-84C8-C9833E08FC98}.Release|ARM.Build.0 = Release|Any CPU
		{0305A692-7B9F-4FD3-84C8-C9833E08FC98}.Release|ARM.Deploy.0 = Release|Any CPU
		{0305A692-7B9F-4FD3-84C8-C9833E08FC98}.Release|iPhone.ActiveCfg = Release|Any CPU
		{0305A692-7B9F-4FD3-84C8-C9833E08FC98}.Release|iPhone.Build.0 = Release|Any CPU
		{0305A692-7B9F-4FD3-84C8-C9833E08FC98}.Release|iPhone.Deploy.0 = Release|Any CPU
		{0305A692-7B9F-4FD3-84C8-C9833E08FC98}.Release|iPhoneSimulator.ActiveCfg = Release|Any CPU
		{0305A692-7B9F-4FD3-84C8-C9833E08FC98}.Release|iPhoneSimulator.Build.0 = Release|Any CPU
		{0305A692-7B9F-4FD3-84C8-C9833E08FC98}.Release|iPhoneSimulator.Deploy.0 = Release|Any CPU
		{0305A692-7B9F-4FD3-84C8-C9833E08FC98}.Release|x64.ActiveCfg = Release|Any CPU
		{0305A692-7B9F-4FD3-84C8-C9833E08FC98}.Release|x64.Build.0 = Release|Any CPU
		{0305A692-7B9F-4FD3-84C8-C9833E08FC98}.Release|x64.Deploy.0 = Release|Any CPU
		{0305A692-7B9F-4FD3-84C8-C9833E08FC98}.Release|x86.ActiveCfg = Release|Any CPU
		{0305A692-7B9F-4FD3-84C8-C9833E08FC98}.Release|x86.Build.0 = Release|Any CPU
		{0305A692-7B9F-4FD3-84C8-C9833E08FC98}.Release|x86.Deploy.0 = Release|Any CPU
	EndGlobalSection
	GlobalSection(SolutionProperties) = preSolution
		HideSolutionNode = FALSE
	EndGlobalSection
	GlobalSection(ExtensibilityGlobals) = postSolution
		SolutionGuid = {D2110D33-D0ED-43CD-85AF-A0BC66B3FEF1}
	EndGlobalSection
EndGlobal
